
Microsoft Visual Studio Solution File, Format Version 12.00
# Visual Studio 14
VisualStudioVersion = 14.0.24720.0
MinimumVisualStudioVersion = 10.0.40219.1
Project("{FAE04EC0-301F-11D3-BF4B-00C04F79EFBC}") = "MentoringD1D2.Module1.Task1", "MentoringD1D2.Module1.Task1\MentoringD1D2.Module1.Task1.csproj", "{F13425B6-37B5-4417-8A1F-59D3D75F2AF5}"
EndProject
Project("{FAE04EC0-301F-11D3-BF4B-00C04F79EFBC}") = "MentoringD1D2.Module1.Task1.Diagnostics", "MentoringD1D2.Module1.Task1.Diagnostics\MentoringD1D2.Module1.Task1.Diagnostics.csproj", "{6311B8AF-4575-4C61-A4D9-012ADD1040D8}"
EndProject
Project("{FAE04EC0-301F-11D3-BF4B-00C04F79EFBC}") = "MentoringD1D2.Module1.Task1.Tests", "MentoringD1D2.Module1.Task1.Tests\MentoringD1D2.Module1.Task1.Tests.csproj", "{DBE60931-D700-4901-9CAA-4891B3AC9276}"
EndProject
Project("{FAE04EC0-301F-11D3-BF4B-00C04F79EFBC}") = "MentoringD1D2.Module1.Task1.Helpers", "MentoringD1D2.Module1.Task1.Helpers\MentoringD1D2.Module1.Task1.Helpers.csproj", "{859079BD-FA09-449A-94B1-63351A3D0943}"
EndProject
Global
	GlobalSection(SolutionConfigurationPlatforms) = preSolution
		Debug|Any CPU = Debug|Any CPU
		Release|Any CPU = Release|Any CPU
	EndGlobalSection
	GlobalSection(ProjectConfigurationPlatforms) = postSolution
		{F13425B6-37B5-4417-8A1F-59D3D75F2AF5}.Debug|Any CPU.ActiveCfg = Debug|Any CPU
		{F13425B6-37B5-4417-8A1F-59D3D75F2AF5}.Debug|Any CPU.Build.0 = Debug|Any CPU
		{F13425B6-37B5-4417-8A1F-59D3D75F2AF5}.Release|Any CPU.ActiveCfg = Release|Any CPU
		{F13425B6-37B5-4417-8A1F-59D3D75F2AF5}.Release|Any CPU.Build.0 = Release|Any CPU
		{6311B8AF-4575-4C61-A4D9-012ADD1040D8}.Debug|Any CPU.ActiveCfg = Debug|Any CPU
		{6311B8AF-4575-4C61-A4D9-012ADD1040D8}.Debug|Any CPU.Build.0 = Debug|Any CPU
		{6311B8AF-4575-4C61-A4D9-012ADD1040D8}.Release|Any CPU.ActiveCfg = Release|Any CPU
		{6311B8AF-4575-4C61-A4D9-012ADD1040D8}.Release|Any CPU.Build.0 = Release|Any CPU
		{DBE60931-D700-4901-9CAA-4891B3AC9276}.Debug|Any CPU.ActiveCfg = Debug|Any CPU
		{DBE60931-D700-4901-9CAA-4891B3AC9276}.Debug|Any CPU.Build.0 = Debug|Any CPU
		{DBE60931-D700-4901-9CAA-4891B3AC9276}.Release|Any CPU.ActiveCfg = Release|Any CPU
		{DBE60931-D700-4901-9CAA-4891B3AC9276}.Release|Any CPU.Build.0 = Release|Any CPU
		{859079BD-FA09-449A-94B1-63351A3D0943}.Debug|Any CPU.ActiveCfg = Debug|Any CPU
		{859079BD-FA09-449A-94B1-63351A3D0943}.Debug|Any CPU.Build.0 = Debug|Any CPU
		{859079BD-FA09-449A-94B1-63351A3D0943}.Release|Any CPU.ActiveCfg = Release|Any CPU
		{859079BD-FA09-449A-94B1-63351A3D0943}.Release|Any CPU.Build.0 = Release|Any CPU
	EndGlobalSection
	GlobalSection(SolutionProperties) = preSolution
		HideSolutionNode = FALSE
	EndGlobalSection
EndGlobal
